
Microsoft Visual Studio Solution File, Format Version 12.00
# Visual Studio Version 17
VisualStudioVersion = 17.8.34511.84
MinimumVisualStudioVersion = 10.0.40219.1
Project("{FAE04EC0-301F-11D3-BF4B-00C04F79EFBC}") = "Agendamentos", "Agendamentos.csproj", "{A55B5D19-4D76-4736-9A9E-FE018CE05BAD}"
EndProject
Global
	GlobalSection(SolutionConfigurationPlatforms) = preSolution
		Debug|Any CPU = Debug|Any CPU
		Release|Any CPU = Release|Any CPU
	EndGlobalSection
	GlobalSection(ProjectConfigurationPlatforms) = postSolution
		{A55B5D19-4D76-4736-9A9E-FE018CE05BAD}.Debug|Any CPU.ActiveCfg = Debug|Any CPU
		{A55B5D19-4D76-4736-9A9E-FE018CE05BAD}.Debug|Any CPU.Build.0 = Debug|Any CPU
		{A55B5D19-4D76-4736-9A9E-FE018CE05BAD}.Release|Any CPU.ActiveCfg = Release|Any CPU
		{A55B5D19-4D76-4736-9A9E-FE018CE05BAD}.Release|Any CPU.Build.0 = Release|Any CPU
	EndGlobalSection
	GlobalSection(SolutionProperties) = preSolution
		HideSolutionNode = FALSE
	EndGlobalSection
	GlobalSection(ExtensibilityGlobals) = postSolution
		SolutionGuid = {691FE005-F022-4292-9E08-9D895848D2D3}
	EndGlobalSection
EndGlobal
